
Microsoft Visual Studio Solution File, Format Version 12.00
# Visual Studio 2012
Project("{FAE04EC0-301F-11D3-BF4B-00C04F79EFBC}") = "Challenges", "PexForFun\Challenges.csproj", "{5A073C78-CA3B-42C0-A711-95CE5190C045}"
EndProject
Project("{FAE04EC0-301F-11D3-BF4B-00C04F79EFBC}") = "Challenges.Tests", "UnitTests\Challenges.Tests.csproj", "{3104E2A6-9C5D-40CD-9093-F21F6C1D6761}"
EndProject
Global
	GlobalSection(SolutionConfigurationPlatforms) = preSolution
		Debug|Any CPU = Debug|Any CPU
		Release|Any CPU = Release|Any CPU
	EndGlobalSection
	GlobalSection(ProjectConfigurationPlatforms) = postSolution
		{5A073C78-CA3B-42C0-A711-95CE5190C045}.Debug|Any CPU.ActiveCfg = Debug|Any CPU
		{5A073C78-CA3B-42C0-A711-95CE5190C045}.Debug|Any CPU.Build.0 = Debug|Any CPU
		{5A073C78-CA3B-42C0-A711-95CE5190C045}.Release|Any CPU.ActiveCfg = Release|Any CPU
		{5A073C78-CA3B-42C0-A711-95CE5190C045}.Release|Any CPU.Build.0 = Release|Any CPU
		{3104E2A6-9C5D-40CD-9093-F21F6C1D6761}.Debug|Any CPU.ActiveCfg = Debug|Any CPU
		{3104E2A6-9C5D-40CD-9093-F21F6C1D6761}.Debug|Any CPU.Build.0 = Debug|Any CPU
		{3104E2A6-9C5D-40CD-9093-F21F6C1D6761}.Release|Any CPU.ActiveCfg = Release|Any CPU
		{3104E2A6-9C5D-40CD-9093-F21F6C1D6761}.Release|Any CPU.Build.0 = Release|Any CPU
	EndGlobalSection
	GlobalSection(SolutionProperties) = preSolution
		HideSolutionNode = FALSE
	EndGlobalSection
EndGlobal
